
Microsoft Visual Studio Solution File, Format Version 12.00
# Visual Studio 15
VisualStudioVersion = 15.0.28307.1169
MinimumVisualStudioVersion = 10.0.40219.1
Project("{FAE04EC0-301F-11D3-BF4B-00C04F79EFBC}") = "ServerCodeMtk-P2-20180140072", "ServerCodeMtk-P2-20180140072\ServerCodeMtk-P2-20180140072.csproj", "{5E854759-CD14-4968-96E7-74B7C016CFBC}"
EndProject
Global
	GlobalSection(SolutionConfigurationPlatforms) = preSolution
		Debug|Any CPU = Debug|Any CPU
		Release|Any CPU = Release|Any CPU
	EndGlobalSection
	GlobalSection(ProjectConfigurationPlatforms) = postSolution
		{5E854759-CD14-4968-96E7-74B7C016CFBC}.Debug|Any CPU.ActiveCfg = Debug|Any CPU
		{5E854759-CD14-4968-96E7-74B7C016CFBC}.Debug|Any CPU.Build.0 = Debug|Any CPU
		{5E854759-CD14-4968-96E7-74B7C016CFBC}.Release|Any CPU.ActiveCfg = Release|Any CPU
		{5E854759-CD14-4968-96E7-74B7C016CFBC}.Release|Any CPU.Build.0 = Release|Any CPU
	EndGlobalSection
	GlobalSection(SolutionProperties) = preSolution
		HideSolutionNode = FALSE
	EndGlobalSection
	GlobalSection(ExtensibilityGlobals) = postSolution
		SolutionGuid = {37725A6D-6885-4408-B652-11AFB29E20D1}
	EndGlobalSection
EndGlobal
